
Microsoft Visual Studio Solution File, Format Version 12.00
# Visual Studio 2012
Project("{FAE04EC0-301F-11D3-BF4B-00C04F79EFBC}") = "Siscom.Service", "Siscom.Service\Siscom.Service.csproj", "{588DD53E-2F47-4556-8931-569C00A43921}"
EndProject
Project("{FAE04EC0-301F-11D3-BF4B-00C04F79EFBC}") = "Siscom.Entity", "..\Siscom.Entity\Siscom.Entity\Siscom.Entity.csproj", "{62360597-6688-4EC2-8C19-DDF317667410}"
EndProject
Project("{FAE04EC0-301F-11D3-BF4B-00C04F79EFBC}") = "Siscom.Data", "..\Siscom.Data\Siscom.Data\Siscom.Data.csproj", "{DEBB0952-1C5F-4E2C-9780-C50C5DE9B476}"
EndProject
Project("{FAE04EC0-301F-11D3-BF4B-00C04F79EFBC}") = "Siscom.Business", "..\Siscom.Business\Siscom.Business\Siscom.Business.csproj", "{926FC28B-1BA3-4AD2-99FC-1FA9FC51431B}"
EndProject
Global
	GlobalSection(SolutionConfigurationPlatforms) = preSolution
		Debug|Any CPU = Debug|Any CPU
		Release|Any CPU = Release|Any CPU
	EndGlobalSection
	GlobalSection(ProjectConfigurationPlatforms) = postSolution
		{588DD53E-2F47-4556-8931-569C00A43921}.Debug|Any CPU.ActiveCfg = Debug|Any CPU
		{588DD53E-2F47-4556-8931-569C00A43921}.Debug|Any CPU.Build.0 = Debug|Any CPU
		{588DD53E-2F47-4556-8931-569C00A43921}.Release|Any CPU.ActiveCfg = Release|Any CPU
		{588DD53E-2F47-4556-8931-569C00A43921}.Release|Any CPU.Build.0 = Release|Any CPU
		{62360597-6688-4EC2-8C19-DDF317667410}.Debug|Any CPU.ActiveCfg = Debug|Any CPU
		{62360597-6688-4EC2-8C19-DDF317667410}.Debug|Any CPU.Build.0 = Debug|Any CPU
		{62360597-6688-4EC2-8C19-DDF317667410}.Release|Any CPU.ActiveCfg = Release|Any CPU
		{62360597-6688-4EC2-8C19-DDF317667410}.Release|Any CPU.Build.0 = Release|Any CPU
		{DEBB0952-1C5F-4E2C-9780-C50C5DE9B476}.Debug|Any CPU.ActiveCfg = Debug|Any CPU
		{DEBB0952-1C5F-4E2C-9780-C50C5DE9B476}.Debug|Any CPU.Build.0 = Debug|Any CPU
		{DEBB0952-1C5F-4E2C-9780-C50C5DE9B476}.Release|Any CPU.ActiveCfg = Release|Any CPU
		{DEBB0952-1C5F-4E2C-9780-C50C5DE9B476}.Release|Any CPU.Build.0 = Release|Any CPU
		{926FC28B-1BA3-4AD2-99FC-1FA9FC51431B}.Debug|Any CPU.ActiveCfg = Debug|Any CPU
		{926FC28B-1BA3-4AD2-99FC-1FA9FC51431B}.Debug|Any CPU.Build.0 = Debug|Any CPU
		{926FC28B-1BA3-4AD2-99FC-1FA9FC51431B}.Release|Any CPU.ActiveCfg = Release|Any CPU
		{926FC28B-1BA3-4AD2-99FC-1FA9FC51431B}.Release|Any CPU.Build.0 = Release|Any CPU
	EndGlobalSection
	GlobalSection(SolutionProperties) = preSolution
		HideSolutionNode = FALSE
	EndGlobalSection
EndGlobal
